// !$*UTF8*$!
{
	archiveVersion = 1;
	classes = {
	};
	objectVersion = 46;
	objects = {

/* Begin PBXBuildFile section */
		0315BE311AC004AF0069496B /* AddToDoItemViewController.m in Sources */ = {isa = PBXBuildFile; fileRef = 0315BE301AC004AF0069496B /* AddToDoItemViewController.m */; };
		0315BE3D1AC01BF60069496B /* TodoItem.m in Sources */ = {isa = PBXBuildFile; fileRef = 0315BE3C1AC01BF60069496B /* TodoItem.m */; };
		0315BE3F1AC02BD90069496B /* libsqlite3.dylib in Frameworks */ = {isa = PBXBuildFile; fileRef = 0315BE3E1AC02BD90069496B /* libsqlite3.dylib */; };
		036D30AE1ACBDFCF00DEBF65 /* ToDoListTableViewController.m in Sources */ = {isa = PBXBuildFile; fileRef = 036D30AD1ACBDFCF00DEBF65 /* ToDoListTableViewController.m */; };
		036D30B11ACC074700DEBF65 /* FinishedTableViewController.m in Sources */ = {isa = PBXBuildFile; fileRef = 036D30B01ACC074700DEBF65 /* FinishedTableViewController.m */; };
		03F758221ABC20C0009286D4 /* main.m in Sources */ = {isa = PBXBuildFile; fileRef = 03F758211ABC20C0009286D4 /* main.m */; };
		03F758251ABC20C0009286D4 /* AppDelegate.m in Sources */ = {isa = PBXBuildFile; fileRef = 03F758241ABC20C0009286D4 /* AppDelegate.m */; };
		03F7582B1ABC20C0009286D4 /* Main.storyboard in Resources */ = {isa = PBXBuildFile; fileRef = 03F758291ABC20C0009286D4 /* Main.storyboard */; };
		03F7582D1ABC20C0009286D4 /* Images.xcassets in Resources */ = {isa = PBXBuildFile; fileRef = 03F7582C1ABC20C0009286D4 /* Images.xcassets */; };
		03F758301ABC20C0009286D4 /* LaunchScreen.xib in Resources */ = {isa = PBXBuildFile; fileRef = 03F7582E1ABC20C0009286D4 /* LaunchScreen.xib */; };
		03F7583C1ABC20C0009286D4 /* ToDoListTests.m in Sources */ = {isa = PBXBuildFile; fileRef = 03F7583B1ABC20C0009286D4 /* ToDoListTests.m */; };
		5FA6D98C1B05C947008A8F99 /* TodoList.m in Sources */ = {isa = PBXBuildFile; fileRef = 5FA6D98B1B05C947008A8F99 /* TodoList.m */; };
/* End PBXBuildFile section */

/* Begin PBXContainerItemProxy section */
		03F758361ABC20C0009286D4 /* PBXContainerItemProxy */ = {
			isa = PBXContainerItemProxy;
			containerPortal = 03F758141ABC20C0009286D4 /* Project object */;
			proxyType = 1;
			remoteGlobalIDString = 03F7581B1ABC20C0009286D4;
			remoteInfo = ToDoList;
		};
/* End PBXContainerItemProxy section */

/* Begin PBXFileReference section */
		0315BE2F1AC004AF0069496B /* AddToDoItemViewController.h */ = {isa = PBXFileReference; fileEncoding = 4; lastKnownFileType = sourcecode.c.h; path = AddToDoItemViewController.h; sourceTree = "<group>"; };
		0315BE301AC004AF0069496B /* AddToDoItemViewController.m */ = {isa = PBXFileReference; fileEncoding = 4; lastKnownFileType = sourcecode.c.objc; path = AddToDoItemViewController.m; sourceTree = "<group>"; };
		0315BE3B1AC01BF60069496B /* TodoItem.h */ = {isa = PBXFileReference; fileEncoding = 4; lastKnownFileType = sourcecode.c.h; path = TodoItem.h; sourceTree = "<group>"; };
		0315BE3C1AC01BF60069496B /* TodoItem.m */ = {isa = PBXFileReference; fileEncoding = 4; lastKnownFileType = sourcecode.c.objc; path = TodoItem.m; sourceTree = "<group>"; };
		0315BE3E1AC02BD90069496B /* libsqlite3.dylib */ = {isa = PBXFileReference; lastKnownFileType = "compiled.mach-o.dylib"; name = libsqlite3.dylib; path = usr/lib/libsqlite3.dylib; sourceTree = SDKROOT; };
		036D30AC1ACBDFCF00DEBF65 /* ToDoListTableViewController.h */ = {isa = PBXFileReference; fileEncoding = 4; lastKnownFileType = sourcecode.c.h; path = ToDoListTableViewController.h; sourceTree = "<group>"; };
		036D30AD1ACBDFCF00DEBF65 /* ToDoListTableViewController.m */ = {isa = PBXFileReference; fileEncoding = 4; lastKnownFileType = sourcecode.c.objc; path = ToDoListTableViewController.m; sourceTree = "<group>"; };
		036D30AF1ACC074700DEBF65 /* FinishedTableViewController.h */ = {isa = PBXFileReference; fileEncoding = 4; lastKnownFileType = sourcecode.c.h; path = FinishedTableViewController.h; sourceTree = "<group>"; };
		036D30B01ACC074700DEBF65 /* FinishedTableViewController.m */ = {isa = PBXFileReference; fileEncoding = 4; lastKnownFileType = sourcecode.c.objc; path = FinishedTableViewController.m; sourceTree = "<group>"; };
		03F7581C1ABC20C0009286D4 /* ToDoList.app */ = {isa = PBXFileReference; explicitFileType = wrapper.application; includeInIndex = 0; path = ToDoList.app; sourceTree = BUILT_PRODUCTS_DIR; };
		03F758201ABC20C0009286D4 /* Info.plist */ = {isa = PBXFileReference; lastKnownFileType = text.plist.xml; path = Info.plist; sourceTree = "<group>"; };
		03F758211ABC20C0009286D4 /* main.m */ = {isa = PBXFileReference; lastKnownFileType = sourcecode.c.objc; path = main.m; sourceTree = "<group>"; };
		03F758231ABC20C0009286D4 /* AppDelegate.h */ = {isa = PBXFileReference; lastKnownFileType = sourcecode.c.h; path = AppDelegate.h; sourceTree = "<group>"; };
		03F758241ABC20C0009286D4 /* AppDelegate.m */ = {isa = PBXFileReference; lastKnownFileType = sourcecode.c.objc; path = AppDelegate.m; sourceTree = "<group>"; };
		03F7582A1ABC20C0009286D4 /* Base */ = {isa = PBXFileReference; lastKnownFileType = file.storyboard; name = Base; path = Base.lproj/Main.storyboard; sourceTree = "<group>"; };
		03F7582C1ABC20C0009286D4 /* Images.xcassets */ = {isa = PBXFileReference; lastKnownFileType = folder.assetcatalog; path = Images.xcassets; sourceTree = "<group>"; };
		03F7582F1ABC20C0009286D4 /* Base */ = {isa = PBXFileReference; lastKnownFileType = file.xib; name = Base; path = Base.lproj/LaunchScreen.xib; sourceTree = "<group>"; };
		03F758351ABC20C0009286D4 /* ToDoListTests.xctest */ = {isa = PBXFileReference; explicitFileType = wrapper.cfbundle; includeInIndex = 0; path = ToDoListTests.xctest; sourceTree = BUILT_PRODUCTS_DIR; };
		03F7583A1ABC20C0009286D4 /* Info.plist */ = {isa = PBXFileReference; lastKnownFileType = text.plist.xml; path = Info.plist; sourceTree = "<group>"; };
		03F7583B1ABC20C0009286D4 /* ToDoListTests.m */ = {isa = PBXFileReference; lastKnownFileType = sourcecode.c.objc; path = ToDoListTests.m; sourceTree = "<group>"; };
		5FA6D98B1B05C947008A8F99 /* TodoList.m */ = {isa = PBXFileReference; fileEncoding = 4; lastKnownFileType = sourcecode.c.objc; path = TodoList.m; sourceTree = "<group>"; };
		5FA6D98D1B05C960008A8F99 /* TodoList.h */ = {isa = PBXFileReference; fileEncoding = 4; lastKnownFileType = sourcecode.c.h; path = TodoList.h; sourceTree = "<group>"; };
/* End PBXFileReference section */

/* Begin PBXFrameworksBuildPhase section */
		03F758191ABC20C0009286D4 /* Frameworks */ = {
			isa = PBXFrameworksBuildPhase;
			buildActionMask = 2147483647;
			files = (
				0315BE3F1AC02BD90069496B /* libsqlite3.dylib in Frameworks */,
			);
			runOnlyForDeploymentPostprocessing = 0;
		};
		03F758321ABC20C0009286D4 /* Frameworks */ = {
			isa = PBXFrameworksBuildPhase;
			buildActionMask = 2147483647;
			files = (
			);
			runOnlyForDeploymentPostprocessing = 0;
		};
/* End PBXFrameworksBuildPhase section */

/* Begin PBXGroup section */
		03F758131ABC20C0009286D4 = {
			isa = PBXGroup;
			children = (
				0315BE3E1AC02BD90069496B /* libsqlite3.dylib */,
				03F7581E1ABC20C0009286D4 /* ToDoList */,
				03F758381ABC20C0009286D4 /* ToDoListTests */,
				03F7581D1ABC20C0009286D4 /* Products */,
			);
			sourceTree = "<group>";
		};
		03F7581D1ABC20C0009286D4 /* Products */ = {
			isa = PBXGroup;
			children = (
				03F7581C1ABC20C0009286D4 /* ToDoList.app */,
				03F758351ABC20C0009286D4 /* ToDoListTests.xctest */,
			);
			name = Products;
			sourceTree = "<group>";
		};
		03F7581E1ABC20C0009286D4 /* ToDoList */ = {
			isa = PBXGroup;
			children = (
				0315BE2F1AC004AF0069496B /* AddToDoItemViewController.h */,
				0315BE301AC004AF0069496B /* AddToDoItemViewController.m */,
				03F758231ABC20C0009286D4 /* AppDelegate.h */,
				03F758241ABC20C0009286D4 /* AppDelegate.m */,
				036D30AF1ACC074700DEBF65 /* FinishedTableViewController.h */,
				036D30B01ACC074700DEBF65 /* FinishedTableViewController.m */,
				03F7582C1ABC20C0009286D4 /* Images.xcassets */,
				03F7582E1ABC20C0009286D4 /* LaunchScreen.xib */,
				03F758291ABC20C0009286D4 /* Main.storyboard */,
				5FA6D98A1B05C7C8008A8F99 /* Model */,
				03F7581F1ABC20C0009286D4 /* Supporting Files */,
				036D30AC1ACBDFCF00DEBF65 /* ToDoListTableViewController.h */,
				036D30AD1ACBDFCF00DEBF65 /* ToDoListTableViewController.m */,
			);
			path = ToDoList;
			sourceTree = "<group>";
		};
		03F7581F1ABC20C0009286D4 /* Supporting Files */ = {
			isa = PBXGroup;
			children = (
				03F758201ABC20C0009286D4 /* Info.plist */,
				03F758211ABC20C0009286D4 /* main.m */,
			);
			name = "Supporting Files";
			sourceTree = "<group>";
		};
		03F758381ABC20C0009286D4 /* ToDoListTests */ = {
			isa = PBXGroup;
			children = (
				03F7583B1ABC20C0009286D4 /* ToDoListTests.m */,
				03F758391ABC20C0009286D4 /* Supporting Files */,
			);
			path = ToDoListTests;
			sourceTree = "<group>";
		};
		03F758391ABC20C0009286D4 /* Supporting Files */ = {
			isa = PBXGroup;
			children = (
				03F7583A1ABC20C0009286D4 /* Info.plist */,
			);
			name = "Supporting Files";
			sourceTree = "<group>";
		};
		5FA6D98A1B05C7C8008A8F99 /* Model */ = {
			isa = PBXGroup;
			children = (
				0315BE3B1AC01BF60069496B /* TodoItem.h */,
				0315BE3C1AC01BF60069496B /* TodoItem.m */,
				5FA6D98D1B05C960008A8F99 /* TodoList.h */,
				5FA6D98B1B05C947008A8F99 /* TodoList.m */,
			);
			name = Model;
			sourceTree = "<group>";
		};
/* End PBXGroup section */

/* Begin PBXNativeTarget section */
		03F7581B1ABC20C0009286D4 /* ToDoList */ = {
			isa = PBXNativeTarget;
			buildConfigurationList = 03F7583F1ABC20C0009286D4 /* Build configuration list for PBXNativeTarget "ToDoList" */;
			buildPhases = (
				03F758181ABC20C0009286D4 /* Sources */,
				03F758191ABC20C0009286D4 /* Frameworks */,
				03F7581A1ABC20C0009286D4 /* Resources */,
			);
			buildRules = (
			);
			dependencies = (
			);
			name = ToDoList;
			productName = ToDoList;
			productReference = 03F7581C1ABC20C0009286D4 /* ToDoList.app */;
			productType = "com.apple.product-type.application";
		};
		03F758341ABC20C0009286D4 /* ToDoListTests */ = {
			isa = PBXNativeTarget;
			buildConfigurationList = 03F758421ABC20C0009286D4 /* Build configuration list for PBXNativeTarget "ToDoListTests" */;
			buildPhases = (
				03F758311ABC20C0009286D4 /* Sources */,
				03F758321ABC20C0009286D4 /* Frameworks */,
				03F758331ABC20C0009286D4 /* Resources */,
			);
			buildRules = (
			);
			dependencies = (
				03F758371ABC20C0009286D4 /* PBXTargetDependency */,
			);
			name = ToDoListTests;
			productName = ToDoListTests;
			productReference = 03F758351ABC20C0009286D4 /* ToDoListTests.xctest */;
			productType = "com.apple.product-type.bundle.unit-test";
		};
/* End PBXNativeTarget section */

/* Begin PBXProject section */
		03F758141ABC20C0009286D4 /* Project object */ = {
			isa = PBXProject;
			attributes = {
				LastUpgradeCheck = 0620;
				ORGANIZATIONNAME = d;
				TargetAttributes = {
					03F7581B1ABC20C0009286D4 = {
						CreatedOnToolsVersion = 6.2;
					};
					03F758341ABC20C0009286D4 = {
						CreatedOnToolsVersion = 6.2;
						TestTargetID = 03F7581B1ABC20C0009286D4;
					};
				};
			};
			buildConfigurationList = 03F758171ABC20C0009286D4 /* Build configuration list for PBXProject "ToDoList" */;
			compatibilityVersion = "Xcode 3.2";
			developmentRegion = English;
			hasScannedForEncodings = 0;
			knownRegions = (
				en,
				Base,
			);
			mainGroup = 03F758131ABC20C0009286D4;
			productRefGroup = 03F7581D1ABC20C0009286D4 /* Products */;
			projectDirPath = "";
			projectRoot = "";
			targets = (
				03F7581B1ABC20C0009286D4 /* ToDoList */,
				03F758341ABC20C0009286D4 /* ToDoListTests */,
			);
		};
/* End PBXProject section */

/* Begin PBXResourcesBuildPhase section */
		03F7581A1ABC20C0009286D4 /* Resources */ = {
			isa = PBXResourcesBuildPhase;
			buildActionMask = 2147483647;
			files = (
				03F7582B1ABC20C0009286D4 /* Main.storyboard in Resources */,
				03F758301ABC20C0009286D4 /* LaunchScreen.xib in Resources */,
				03F7582D1ABC20C0009286D4 /* Images.xcassets in Resources */,
			);
			runOnlyForDeploymentPostprocessing = 0;
		};
		03F758331ABC20C0009286D4 /* Resources */ = {
			isa = PBXResourcesBuildPhase;
			buildActionMask = 2147483647;
			files = (
			);
			runOnlyForDeploymentPostprocessing = 0;
		};
/* End PBXResourcesBuildPhase section */

/* Begin PBXSourcesBuildPhase section */
		03F758181ABC20C0009286D4 /* Sources */ = {
			isa = PBXSourcesBuildPhase;
			buildActionMask = 2147483647;
			files = (
				03F758251ABC20C0009286D4 /* AppDelegate.m in Sources */,
				0315BE3D1AC01BF60069496B /* TodoItem.m in Sources */,
				036D30AE1ACBDFCF00DEBF65 /* ToDoListTableViewController.m in Sources */,
				03F758221ABC20C0009286D4 /* main.m in Sources */,
				5FA6D98C1B05C947008A8F99 /* TodoList.m in Sources */,
				0315BE311AC004AF0069496B /* AddToDoItemViewController.m in Sources */,
				036D30B11ACC074700DEBF65 /* FinishedTableViewController.m in Sources */,
			);
			runOnlyForDeploymentPostprocessing = 0;
		};
		03F758311ABC20C0009286D4 /* Sources */ = {
			isa = PBXSourcesBuildPhase;
			buildActionMask = 2147483647;
			files = (
				03F7583C1ABC20C0009286D4 /* ToDoListTests.m in Sources */,
			);
			runOnlyForDeploymentPostprocessing = 0;
		};
/* End PBXSourcesBuildPhase section */

/* Begin PBXTargetDependency section */
		03F758371ABC20C0009286D4 /* PBXTargetDependency */ = {
			isa = PBXTargetDependency;
			target = 03F7581B1ABC20C0009286D4 /* ToDoList */;
			targetProxy = 03F758361ABC20C0009286D4 /* PBXContainerItemProxy */;
		};
/* End PBXTargetDependency section */

/* Begin PBXVariantGroup section */
		03F758291ABC20C0009286D4 /* Main.storyboard */ = {
			isa = PBXVariantGroup;
			children = (
				03F7582A1ABC20C0009286D4 /* Base */,
			);
			name = Main.storyboard;
			sourceTree = "<group>";
		};
		03F7582E1ABC20C0009286D4 /* LaunchScreen.xib */ = {
			isa = PBXVariantGroup;
			children = (
				03F7582F1ABC20C0009286D4 /* Base */,
			);
			name = LaunchScreen.xib;
			sourceTree = "<group>";
		};
/* End PBXVariantGroup section */

/* Begin XCBuildConfiguration section */
		03F7583D1ABC20C0009286D4 /* Debug */ = {
			isa = XCBuildConfiguration;
			buildSettings = {
				ALWAYS_SEARCH_USER_PATHS = NO;
				CLANG_CXX_LANGUAGE_STANDARD = "gnu++0x";
				CLANG_CXX_LIBRARY = "libc++";
				CLANG_ENABLE_MODULES = YES;
				CLANG_ENABLE_OBJC_ARC = YES;
				CLANG_WARN_BOOL_CONVERSION = YES;
				CLANG_WARN_CONSTANT_CONVERSION = YES;
				CLANG_WARN_DIRECT_OBJC_ISA_USAGE = YES_ERROR;
				CLANG_WARN_EMPTY_BODY = YES;
				CLANG_WARN_ENUM_CONVERSION = YES;
				CLANG_WARN_INT_CONVERSION = YES;
				CLANG_WARN_OBJC_ROOT_CLASS = YES_ERROR;
				CLANG_WARN_UNREACHABLE_CODE = YES;
				CLANG_WARN__DUPLICATE_METHOD_MATCH = YES;
				"CODE_SIGN_IDENTITY[sdk=iphoneos*]" = "iPhone Developer";
				COPY_PHASE_STRIP = NO;
				ENABLE_STRICT_OBJC_MSGSEND = YES;
				GCC_C_LANGUAGE_STANDARD = gnu99;
				GCC_DYNAMIC_NO_PIC = NO;
				GCC_OPTIMIZATION_LEVEL = 0;
				GCC_PREPROCESSOR_DEFINITIONS = (
					"DEBUG=1",
					"$(inherited)",
				);
				GCC_SYMBOLS_PRIVATE_EXTERN = NO;
				GCC_WARN_64_TO_32_BIT_CONVERSION = YES;
				GCC_WARN_ABOUT_RETURN_TYPE = YES_ERROR;
				GCC_WARN_UNDECLARED_SELECTOR = YES;
				GCC_WARN_UNINITIALIZED_AUTOS = YES_AGGRESSIVE;
				GCC_WARN_UNUSED_FUNCTION = YES;
				GCC_WARN_UNUSED_VARIABLE = YES;
				IPHONEOS_DEPLOYMENT_TARGET = 8.2;
				MTL_ENABLE_DEBUG_INFO = YES;
				ONLY_ACTIVE_ARCH = YES;
				SDKROOT = iphoneos;
				TARGETED_DEVICE_FAMILY = "1,2";
			};
			name = Debug;
		};
		03F7583E1ABC20C0009286D4 /* Release */ = {
			isa = XCBuildConfiguration;
			buildSettings = {
				ALWAYS_SEARCH_USER_PATHS = NO;
				CLANG_CXX_LANGUAGE_STANDARD = "gnu++0x";
				CLANG_CXX_LIBRARY = "libc++";
				CLANG_ENABLE_MODULES = YES;
				CLANG_ENABLE_OBJC_ARC = YES;
				CLANG_WARN_BOOL_CONVERSION = YES;
				CLANG_WARN_CONSTANT_CONVERSION = YES;
				CLANG_WARN_DIRECT_OBJC_ISA_USAGE = YES_ERROR;
				CLANG_WARN_EMPTY_BODY = YES;
				CLANG_WARN_ENUM_CONVERSION = YES;
				CLANG_WARN_INT_CONVERSION = YES;
				CLANG_WARN_OBJC_ROOT_CLASS = YES_ERROR;
				CLANG_WARN_UNREACHABLE_CODE = YES;
				CLANG_WARN__DUPLICATE_METHOD_MATCH = YES;
				"CODE_SIGN_IDENTITY[sdk=iphoneos*]" = "iPhone Developer";
				COPY_PHASE_STRIP = NO;
				ENABLE_NS_ASSERTIONS = NO;
				ENABLE_STRICT_OBJC_MSGSEND = YES;
				GCC_C_LANGUAGE_STANDARD = gnu99;
				GCC_WARN_64_TO_32_BIT_CONVERSION = YES;
				GCC_WARN_ABOUT_RETURN_TYPE = YES_ERROR;
				GCC_WARN_UNDECLARED_SELECTOR = YES;
				GCC_WARN_UNINITIALIZED_AUTOS = YES_AGGRESSIVE;
				GCC_WARN_UNUSED_FUNCTION = YES;
				GCC_WARN_UNUSED_VARIABLE = YES;
				IPHONEOS_DEPLOYMENT_TARGET = 8.2;
				MTL_ENABLE_DEBUG_INFO = NO;
				SDKROOT = iphoneos;
				TARGETED_DEVICE_FAMILY = "1,2";
				VALIDATE_PRODUCT = YES;
			};
			name = Release;
		};
		03F758401ABC20C0009286D4 /* Debug */ = {
			isa = XCBuildConfiguration;
			buildSettings = {
				ASSETCATALOG_COMPILER_APPICON_NAME = AppIcon;
				INFOPLIST_FILE = ToDoList/Info.plist;
				LD_RUNPATH_SEARCH_PATHS = "$(inherited) @executable_path/Frameworks";
				PRODUCT_NAME = "$(TARGET_NAME)";
			};
			name = Debug;
		};
		03F758411ABC20C0009286D4 /* Release */ = {
			isa = XCBuildConfiguration;
			buildSettings = {
				ASSETCATALOG_COMPILER_APPICON_NAME = AppIcon;
				INFOPLIST_FILE = ToDoList/Info.plist;
				LD_RUNPATH_SEARCH_PATHS = "$(inherited) @executable_path/Frameworks";
				PRODUCT_NAME = "$(TARGET_NAME)";
			};
			name = Release;
		};
		03F758431ABC20C0009286D4 /* Debug */ = {
			isa = XCBuildConfiguration;
			buildSettings = {
				BUNDLE_LOADER = "$(TEST_HOST)";
				FRAMEWORK_SEARCH_PATHS = (
					"$(SDKROOT)/Developer/Library/Frameworks",
					"$(inherited)",
				);
				GCC_PREPROCESSOR_DEFINITIONS = (
					"DEBUG=1",
					"$(inherited)",
				);
				INFOPLIST_FILE = ToDoListTests/Info.plist;
				LD_RUNPATH_SEARCH_PATHS = "$(inherited) @executable_path/Frameworks @loader_path/Frameworks";
				PRODUCT_NAME = "$(TARGET_NAME)";
				TEST_HOST = "$(BUILT_PRODUCTS_DIR)/ToDoList.app/ToDoList";
			};
			name = Debug;
		};
		03F758441ABC20C0009286D4 /* Release */ = {
			isa = XCBuildConfiguration;
			buildSettings = {
				BUNDLE_LOADER = "$(TEST_HOST)";
				FRAMEWORK_SEARCH_PATHS = (
					"$(SDKROOT)/Developer/Library/Frameworks",
					"$(inherited)",
				);
				INFOPLIST_FILE = ToDoListTests/Info.plist;
				LD_RUNPATH_SEARCH_PATHS = "$(inherited) @executable_path/Frameworks @loader_path/Frameworks";
				PRODUCT_NAME = "$(TARGET_NAME)";
				TEST_HOST = "$(BUILT_PRODUCTS_DIR)/ToDoList.app/ToDoList";
			};
			name = Release;
		};
/* End XCBuildConfiguration section */

/* Begin XCConfigurationList section */
		03F758171ABC20C0009286D4 /* Build configuration list for PBXProject "ToDoList" */ = {
			isa = XCConfigurationList;
			buildConfigurations = (
				03F7583D1ABC20C0009286D4 /* Debug */,
				03F7583E1ABC20C0009286D4 /* Release */,
			);
			defaultConfigurationIsVisible = 0;
			defaultConfigurationName = Release;
		};
		03F7583F1ABC20C0009286D4 /* Build configuration list for PBXNativeTarget "ToDoList" */ = {
			isa = XCConfigurationList;
			buildConfigurations = (
				03F758401ABC20C0009286D4 /* Debug */,
				03F758411ABC20C0009286D4 /* Release */,
			);
			defaultConfigurationIsVisible = 0;
			defaultConfigurationName = Release;
		};
		03F758421ABC20C0009286D4 /* Build configuration list for PBXNativeTarget "ToDoListTests" */ = {
			isa = XCConfigurationList;
			buildConfigurations = (
				03F758431ABC20C0009286D4 /* Debug */,
				03F758441ABC20C0009286D4 /* Release */,
			);
			defaultConfigurationIsVisible = 0;
			defaultConfigurationName = Release;
		};
/* End XCConfigurationList section */
	};
	rootObject = 03F758141ABC20C0009286D4 /* Project object */;
}
